
Microsoft Visual Studio Solution File, Format Version 12.00
# Visual Studio Version 17
VisualStudioVersion = 17.0.31903.59
MinimumVisualStudioVersion = 10.0.40219.1
Project("{D954291E-2A0B-460D-934E-DC6B0785DB48}") = "ApplePlayground.PhoneAndDesktop", "ApplePlayground.PhoneAndDesktop\ApplePlayground.PhoneAndDesktop.shproj", "{8E856692-A6D3-4498-B801-46C33D502AD7}"
EndProject
Project("{FAE04EC0-301F-11D3-BF4B-00C04F79EFBC}") = "ApplePlayground.iOS", "ApplePlayground.iOS\ApplePlayground.iOS.csproj", "{518889FE-D7C5-434F-9E07-F64A2637DF23}"
EndProject
Project("{FAE04EC0-301F-11D3-BF4B-00C04F79EFBC}") = "ApplePlayground.MacCatalyst", "ApplePlayground.MacCatalyst\ApplePlayground.MacCatalyst.csproj", "{B217664A-E58B-471C-8B3B-FEBEAA673BF4}"
EndProject
Project("{FAE04EC0-301F-11D3-BF4B-00C04F79EFBC}") = "ApplePlayground.tvOS", "ApplePlayground.tvOS\ApplePlayground.tvOS.csproj", "{F26781A0-55B5-43A5-9AFC-04D18CCB4BC1}"
EndProject
Project("{D954291E-2A0B-460D-934E-DC6B0785DB48}") = "ApplePlayground", "ApplePlayground\ApplePlayground.shproj", "{458ED296-C311-4854-8D60-DE857F16C8F5}"
EndProject
Global
	GlobalSection(SolutionConfigurationPlatforms) = preSolution
		Debug|Any CPU = Debug|Any CPU
		Release|Any CPU = Release|Any CPU
	EndGlobalSection
	GlobalSection(SolutionProperties) = preSolution
		HideSolutionNode = FALSE
	EndGlobalSection
	GlobalSection(ProjectConfigurationPlatforms) = postSolution
		{518889FE-D7C5-434F-9E07-F64A2637DF23}.Debug|Any CPU.ActiveCfg = Debug|Any CPU
		{518889FE-D7C5-434F-9E07-F64A2637DF23}.Debug|Any CPU.Build.0 = Debug|Any CPU
		{518889FE-D7C5-434F-9E07-F64A2637DF23}.Release|Any CPU.ActiveCfg = Release|Any CPU
		{518889FE-D7C5-434F-9E07-F64A2637DF23}.Release|Any CPU.Build.0 = Release|Any CPU
		{B217664A-E58B-471C-8B3B-FEBEAA673BF4}.Debug|Any CPU.ActiveCfg = Debug|Any CPU
		{B217664A-E58B-471C-8B3B-FEBEAA673BF4}.Debug|Any CPU.Build.0 = Debug|Any CPU
		{B217664A-E58B-471C-8B3B-FEBEAA673BF4}.Release|Any CPU.ActiveCfg = Release|Any CPU
		{B217664A-E58B-471C-8B3B-FEBEAA673BF4}.Release|Any CPU.Build.0 = Release|Any CPU
		{F26781A0-55B5-43A5-9AFC-04D18CCB4BC1}.Debug|Any CPU.ActiveCfg = Debug|Any CPU
		{F26781A0-55B5-43A5-9AFC-04D18CCB4BC1}.Debug|Any CPU.Build.0 = Debug|Any CPU
		{F26781A0-55B5-43A5-9AFC-04D18CCB4BC1}.Release|Any CPU.ActiveCfg = Release|Any CPU
		{F26781A0-55B5-43A5-9AFC-04D18CCB4BC1}.Release|Any CPU.Build.0 = Release|Any CPU
	EndGlobalSection
EndGlobal
